// !$*UTF8*$!
{
	archiveVersion = 1;
	classes = {
	};
	objectVersion = 46;
	objects = {

/* Begin PBXBuildFile section */
		46BCF70F7295D6AB92597E64 /* Pods_TVar.framework in Frameworks */ = {isa = PBXBuildFile; fileRef = D6758D3A5EDC989434790F72 /* Pods_TVar.framework */; };
		FA88C3C71D8D5C12004D6E5B /* ChoosePhotoViewController.swift in Sources */ = {isa = PBXBuildFile; fileRef = FA88C3C61D8D5C12004D6E5B /* ChoosePhotoViewController.swift */; };
		FA8BE0801D8CE8B5006D0F0A /* AppDelegate.swift in Sources */ = {isa = PBXBuildFile; fileRef = FA8BE07F1D8CE8B5006D0F0A /* AppDelegate.swift */; };
		FA8BE0851D8CE8B5006D0F0A /* Main.storyboard in Resources */ = {isa = PBXBuildFile; fileRef = FA8BE0831D8CE8B5006D0F0A /* Main.storyboard */; };
		FA8BE0871D8CE8B5006D0F0A /* Assets.xcassets in Resources */ = {isa = PBXBuildFile; fileRef = FA8BE0861D8CE8B5006D0F0A /* Assets.xcassets */; };
		FA8BE08A1D8CE8B5006D0F0A /* LaunchScreen.storyboard in Resources */ = {isa = PBXBuildFile; fileRef = FA8BE0881D8CE8B5006D0F0A /* LaunchScreen.storyboard */; };
		FA8BE0951D8CE8B5006D0F0A /* TVarTests.swift in Sources */ = {isa = PBXBuildFile; fileRef = FA8BE0941D8CE8B5006D0F0A /* TVarTests.swift */; };
		FA8BE0A01D8CE8B5006D0F0A /* TVarUITests.swift in Sources */ = {isa = PBXBuildFile; fileRef = FA8BE09F1D8CE8B5006D0F0A /* TVarUITests.swift */; };
		FA9F3AD21D8CE9CA0032FFD4 /* LoginViewController.swift in Sources */ = {isa = PBXBuildFile; fileRef = FA9F3AD11D8CE9CA0032FFD4 /* LoginViewController.swift */; };
		FA9F3AD41D8CFDEF0032FFD4 /* User.swift in Sources */ = {isa = PBXBuildFile; fileRef = FA9F3AD31D8CFDEF0032FFD4 /* User.swift */; };
		FA9F3AD61D8CFE150032FFD4 /* Video.swift in Sources */ = {isa = PBXBuildFile; fileRef = FA9F3AD51D8CFE150032FFD4 /* Video.swift */; };
		FA9F3AD91D8CFE690032FFD4 /* ManagerLocator.swift in Sources */ = {isa = PBXBuildFile; fileRef = FA9F3AD81D8CFE690032FFD4 /* ManagerLocator.swift */; };
		FA9F3ADB1D8CFE810032FFD4 /* UserManager.swift in Sources */ = {isa = PBXBuildFile; fileRef = FA9F3ADA1D8CFE810032FFD4 /* UserManager.swift */; };
		FA9F3ADD1D8D01A20032FFD4 /* VideoManager.swift in Sources */ = {isa = PBXBuildFile; fileRef = FA9F3ADC1D8D01A20032FFD4 /* VideoManager.swift */; };
		FA9F3AE21D8D039C0032FFD4 /* CustomImageView.swift in Sources */ = {isa = PBXBuildFile; fileRef = FA9F3AE11D8D039C0032FFD4 /* CustomImageView.swift */; };
		FA9F3AE41D8D03C50032FFD4 /* APIRouter.swift in Sources */ = {isa = PBXBuildFile; fileRef = FA9F3AE31D8D03C50032FFD4 /* APIRouter.swift */; };
		FA9F3AE81D8D05DE0032FFD4 /* HomeFeedViewController.swift in Sources */ = {isa = PBXBuildFile; fileRef = FA9F3AE71D8D05DE0032FFD4 /* HomeFeedViewController.swift */; };
		FA9F3AEC1D8D13480032FFD4 /* VideoViewCell.swift in Sources */ = {isa = PBXBuildFile; fileRef = FA9F3AEA1D8D13480032FFD4 /* VideoViewCell.swift */; };
		FA9F3AED1D8D13480032FFD4 /* VideoViewCell.xib in Resources */ = {isa = PBXBuildFile; fileRef = FA9F3AEB1D8D13480032FFD4 /* VideoViewCell.xib */; };
		FA9F3AEF1D8D15160032FFD4 /* VideoViewController.swift in Sources */ = {isa = PBXBuildFile; fileRef = FA9F3AEE1D8D15160032FFD4 /* VideoViewController.swift */; };
		FA9F3AF11D8D4C770032FFD4 /* RecordVideoViewController.swift in Sources */ = {isa = PBXBuildFile; fileRef = FA9F3AF01D8D4C770032FFD4 /* RecordVideoViewController.swift */; };
		FA9F3AF31D8D4D930032FFD4 /* CameraManager.framework in Frameworks */ = {isa = PBXBuildFile; fileRef = FA9F3AF21D8D4D930032FFD4 /* CameraManager.framework */; };
/* End PBXBuildFile section */

/* Begin PBXContainerItemProxy section */
		FA8BE0911D8CE8B5006D0F0A /* PBXContainerItemProxy */ = {
			isa = PBXContainerItemProxy;
			containerPortal = FA8BE0741D8CE8B4006D0F0A /* Project object */;
			proxyType = 1;
			remoteGlobalIDString = FA8BE07B1D8CE8B4006D0F0A;
			remoteInfo = TVar;
		};
		FA8BE09C1D8CE8B5006D0F0A /* PBXContainerItemProxy */ = {
			isa = PBXContainerItemProxy;
			containerPortal = FA8BE0741D8CE8B4006D0F0A /* Project object */;
			proxyType = 1;
			remoteGlobalIDString = FA8BE07B1D8CE8B4006D0F0A;
			remoteInfo = TVar;
		};
/* End PBXContainerItemProxy section */

/* Begin PBXFileReference section */
		23CC6238A2E7CE4BF4C45270 /* Pods-TVar.release.xcconfig */ = {isa = PBXFileReference; includeInIndex = 1; lastKnownFileType = text.xcconfig; name = "Pods-TVar.release.xcconfig"; path = "Pods/Target Support Files/Pods-TVar/Pods-TVar.release.xcconfig"; sourceTree = "<group>"; };
		A3183CF56BA295E94A22BDEF /* Pods-TVar.debug.xcconfig */ = {isa = PBXFileReference; includeInIndex = 1; lastKnownFileType = text.xcconfig; name = "Pods-TVar.debug.xcconfig"; path = "Pods/Target Support Files/Pods-TVar/Pods-TVar.debug.xcconfig"; sourceTree = "<group>"; };
		D6758D3A5EDC989434790F72 /* Pods_TVar.framework */ = {isa = PBXFileReference; explicitFileType = wrapper.framework; includeInIndex = 0; path = Pods_TVar.framework; sourceTree = BUILT_PRODUCTS_DIR; };
		FA88C3C61D8D5C12004D6E5B /* ChoosePhotoViewController.swift */ = {isa = PBXFileReference; fileEncoding = 4; lastKnownFileType = sourcecode.swift; path = ChoosePhotoViewController.swift; sourceTree = "<group>"; };
		FA8BE07C1D8CE8B4006D0F0A /* TVar.app */ = {isa = PBXFileReference; explicitFileType = wrapper.application; includeInIndex = 0; path = TVar.app; sourceTree = BUILT_PRODUCTS_DIR; };
		FA8BE07F1D8CE8B5006D0F0A /* AppDelegate.swift */ = {isa = PBXFileReference; lastKnownFileType = sourcecode.swift; path = AppDelegate.swift; sourceTree = "<group>"; };
		FA8BE0841D8CE8B5006D0F0A /* Base */ = {isa = PBXFileReference; lastKnownFileType = file.storyboard; name = Base; path = Base.lproj/Main.storyboard; sourceTree = "<group>"; };
		FA8BE0861D8CE8B5006D0F0A /* Assets.xcassets */ = {isa = PBXFileReference; lastKnownFileType = folder.assetcatalog; path = Assets.xcassets; sourceTree = "<group>"; };
		FA8BE0891D8CE8B5006D0F0A /* Base */ = {isa = PBXFileReference; lastKnownFileType = file.storyboard; name = Base; path = Base.lproj/LaunchScreen.storyboard; sourceTree = "<group>"; };
		FA8BE08B1D8CE8B5006D0F0A /* Info.plist */ = {isa = PBXFileReference; lastKnownFileType = text.plist.xml; path = Info.plist; sourceTree = "<group>"; };
		FA8BE0901D8CE8B5006D0F0A /* TVarTests.xctest */ = {isa = PBXFileReference; explicitFileType = wrapper.cfbundle; includeInIndex = 0; path = TVarTests.xctest; sourceTree = BUILT_PRODUCTS_DIR; };
		FA8BE0941D8CE8B5006D0F0A /* TVarTests.swift */ = {isa = PBXFileReference; lastKnownFileType = sourcecode.swift; path = TVarTests.swift; sourceTree = "<group>"; };
		FA8BE0961D8CE8B5006D0F0A /* Info.plist */ = {isa = PBXFileReference; lastKnownFileType = text.plist.xml; path = Info.plist; sourceTree = "<group>"; };
		FA8BE09B1D8CE8B5006D0F0A /* TVarUITests.xctest */ = {isa = PBXFileReference; explicitFileType = wrapper.cfbundle; includeInIndex = 0; path = TVarUITests.xctest; sourceTree = BUILT_PRODUCTS_DIR; };
		FA8BE09F1D8CE8B5006D0F0A /* TVarUITests.swift */ = {isa = PBXFileReference; lastKnownFileType = sourcecode.swift; path = TVarUITests.swift; sourceTree = "<group>"; };
		FA8BE0A11D8CE8B5006D0F0A /* Info.plist */ = {isa = PBXFileReference; lastKnownFileType = text.plist.xml; path = Info.plist; sourceTree = "<group>"; };
		FA9F3AD11D8CE9CA0032FFD4 /* LoginViewController.swift */ = {isa = PBXFileReference; fileEncoding = 4; lastKnownFileType = sourcecode.swift; path = LoginViewController.swift; sourceTree = "<group>"; };
		FA9F3AD31D8CFDEF0032FFD4 /* User.swift */ = {isa = PBXFileReference; fileEncoding = 4; lastKnownFileType = sourcecode.swift; path = User.swift; sourceTree = "<group>"; };
		FA9F3AD51D8CFE150032FFD4 /* Video.swift */ = {isa = PBXFileReference; fileEncoding = 4; lastKnownFileType = sourcecode.swift; path = Video.swift; sourceTree = "<group>"; };
		FA9F3AD81D8CFE690032FFD4 /* ManagerLocator.swift */ = {isa = PBXFileReference; fileEncoding = 4; lastKnownFileType = sourcecode.swift; path = ManagerLocator.swift; sourceTree = "<group>"; };
		FA9F3ADA1D8CFE810032FFD4 /* UserManager.swift */ = {isa = PBXFileReference; fileEncoding = 4; lastKnownFileType = sourcecode.swift; path = UserManager.swift; sourceTree = "<group>"; };
		FA9F3ADC1D8D01A20032FFD4 /* VideoManager.swift */ = {isa = PBXFileReference; fileEncoding = 4; lastKnownFileType = sourcecode.swift; path = VideoManager.swift; sourceTree = "<group>"; };
		FA9F3AE11D8D039C0032FFD4 /* CustomImageView.swift */ = {isa = PBXFileReference; fileEncoding = 4; lastKnownFileType = sourcecode.swift; path = CustomImageView.swift; sourceTree = "<group>"; };
		FA9F3AE31D8D03C50032FFD4 /* APIRouter.swift */ = {isa = PBXFileReference; fileEncoding = 4; lastKnownFileType = sourcecode.swift; path = APIRouter.swift; sourceTree = "<group>"; };
		FA9F3AE71D8D05DE0032FFD4 /* HomeFeedViewController.swift */ = {isa = PBXFileReference; fileEncoding = 4; lastKnownFileType = sourcecode.swift; path = HomeFeedViewController.swift; sourceTree = "<group>"; };
		FA9F3AEA1D8D13480032FFD4 /* VideoViewCell.swift */ = {isa = PBXFileReference; fileEncoding = 4; lastKnownFileType = sourcecode.swift; path = VideoViewCell.swift; sourceTree = "<group>"; };
		FA9F3AEB1D8D13480032FFD4 /* VideoViewCell.xib */ = {isa = PBXFileReference; fileEncoding = 4; lastKnownFileType = file.xib; path = VideoViewCell.xib; sourceTree = "<group>"; };
		FA9F3AEE1D8D15160032FFD4 /* VideoViewController.swift */ = {isa = PBXFileReference; fileEncoding = 4; lastKnownFileType = sourcecode.swift; path = VideoViewController.swift; sourceTree = "<group>"; };
		FA9F3AF01D8D4C770032FFD4 /* RecordVideoViewController.swift */ = {isa = PBXFileReference; fileEncoding = 4; lastKnownFileType = sourcecode.swift; path = RecordVideoViewController.swift; sourceTree = "<group>"; };
		FA9F3AF21D8D4D930032FFD4 /* CameraManager.framework */ = {isa = PBXFileReference; lastKnownFileType = wrapper.framework; name = CameraManager.framework; path = "../../../Library/Developer/Xcode/DerivedData/TVar-cewhewrqvmldaxftbqqjpfuhoznw/Build/Products/Debug-iphonesimulator/CameraManager.framework"; sourceTree = "<group>"; };
/* End PBXFileReference section */

/* Begin PBXFrameworksBuildPhase section */
		FA8BE0791D8CE8B4006D0F0A /* Frameworks */ = {
			isa = PBXFrameworksBuildPhase;
			buildActionMask = 2147483647;
			files = (
				FA9F3AF31D8D4D930032FFD4 /* CameraManager.framework in Frameworks */,
				46BCF70F7295D6AB92597E64 /* Pods_TVar.framework in Frameworks */,
			);
			runOnlyForDeploymentPostprocessing = 0;
		};
		FA8BE08D1D8CE8B5006D0F0A /* Frameworks */ = {
			isa = PBXFrameworksBuildPhase;
			buildActionMask = 2147483647;
			files = (
			);
			runOnlyForDeploymentPostprocessing = 0;
		};
		FA8BE0981D8CE8B5006D0F0A /* Frameworks */ = {
			isa = PBXFrameworksBuildPhase;
			buildActionMask = 2147483647;
			files = (
			);
			runOnlyForDeploymentPostprocessing = 0;
		};
/* End PBXFrameworksBuildPhase section */

/* Begin PBXGroup section */
		4FF5BE578C525433F1F9E492 /* Frameworks */ = {
			isa = PBXGroup;
			children = (
				FA9F3AF21D8D4D930032FFD4 /* CameraManager.framework */,
				D6758D3A5EDC989434790F72 /* Pods_TVar.framework */,
			);
			name = Frameworks;
			sourceTree = "<group>";
		};
		5F891C5842ABE1C024AE196B /* Pods */ = {
			isa = PBXGroup;
			children = (
				A3183CF56BA295E94A22BDEF /* Pods-TVar.debug.xcconfig */,
				23CC6238A2E7CE4BF4C45270 /* Pods-TVar.release.xcconfig */,
			);
			name = Pods;
			sourceTree = "<group>";
		};
		FA8BE0731D8CE8B4006D0F0A = {
			isa = PBXGroup;
			children = (
				FA8BE07E1D8CE8B5006D0F0A /* TVar */,
				FA8BE0931D8CE8B5006D0F0A /* TVarTests */,
				FA8BE09E1D8CE8B5006D0F0A /* TVarUITests */,
				FA8BE07D1D8CE8B4006D0F0A /* Products */,
				5F891C5842ABE1C024AE196B /* Pods */,
				4FF5BE578C525433F1F9E492 /* Frameworks */,
			);
			sourceTree = "<group>";
		};
		FA8BE07D1D8CE8B4006D0F0A /* Products */ = {
			isa = PBXGroup;
			children = (
				FA8BE07C1D8CE8B4006D0F0A /* TVar.app */,
				FA8BE0901D8CE8B5006D0F0A /* TVarTests.xctest */,
				FA8BE09B1D8CE8B5006D0F0A /* TVarUITests.xctest */,
			);
			name = Products;
			sourceTree = "<group>";
		};
		FA8BE07E1D8CE8B5006D0F0A /* TVar */ = {
			isa = PBXGroup;
			children = (
				FA8BE07F1D8CE8B5006D0F0A /* AppDelegate.swift */,
				FA8BE0831D8CE8B5006D0F0A /* Main.storyboard */,
				FA8BE0861D8CE8B5006D0F0A /* Assets.xcassets */,
				FA8BE0881D8CE8B5006D0F0A /* LaunchScreen.storyboard */,
				FA8BE08B1D8CE8B5006D0F0A /* Info.plist */,
				FA9F3ADE1D8D033D0032FFD4 /* Util */,
				FA9F3AD71D8CFE530032FFD4 /* Manager */,
				FA9F3AD01D8CE9B00032FFD4 /* ViewController */,
				FA9F3ACF1D8CE9A60032FFD4 /* Model */,
			);
			path = TVar;
			sourceTree = "<group>";
		};
		FA8BE0931D8CE8B5006D0F0A /* TVarTests */ = {
			isa = PBXGroup;
			children = (
				FA8BE0941D8CE8B5006D0F0A /* TVarTests.swift */,
				FA8BE0961D8CE8B5006D0F0A /* Info.plist */,
			);
			path = TVarTests;
			sourceTree = "<group>";
		};
		FA8BE09E1D8CE8B5006D0F0A /* TVarUITests */ = {
			isa = PBXGroup;
			children = (
				FA8BE09F1D8CE8B5006D0F0A /* TVarUITests.swift */,
				FA8BE0A11D8CE8B5006D0F0A /* Info.plist */,
			);
			path = TVarUITests;
			sourceTree = "<group>";
		};
		FA9F3ACF1D8CE9A60032FFD4 /* Model */ = {
			isa = PBXGroup;
			children = (
				FA9F3AD31D8CFDEF0032FFD4 /* User.swift */,
				FA9F3AD51D8CFE150032FFD4 /* Video.swift */,
			);
			name = Model;
			sourceTree = "<group>";
		};
		FA9F3AD01D8CE9B00032FFD4 /* ViewController */ = {
			isa = PBXGroup;
			children = (
				FA9F3AD11D8CE9CA0032FFD4 /* LoginViewController.swift */,
				FA9F3AE71D8D05DE0032FFD4 /* HomeFeedViewController.swift */,
				FA9F3AEE1D8D15160032FFD4 /* VideoViewController.swift */,
				FA9F3AF01D8D4C770032FFD4 /* RecordVideoViewController.swift */,
				FA88C3C61D8D5C12004D6E5B /* ChoosePhotoViewController.swift */,
				FA9F3AE91D8D132B0032FFD4 /* Cell */,
			);
			name = ViewController;
			sourceTree = "<group>";
		};
		FA9F3AD71D8CFE530032FFD4 /* Manager */ = {
			isa = PBXGroup;
			children = (
				FA9F3AD81D8CFE690032FFD4 /* ManagerLocator.swift */,
				FA9F3ADA1D8CFE810032FFD4 /* UserManager.swift */,
				FA9F3ADC1D8D01A20032FFD4 /* VideoManager.swift */,
			);
			name = Manager;
			sourceTree = "<group>";
		};
		FA9F3ADE1D8D033D0032FFD4 /* Util */ = {
			isa = PBXGroup;
			children = (
				FA9F3AE11D8D039C0032FFD4 /* CustomImageView.swift */,
				FA9F3AE31D8D03C50032FFD4 /* APIRouter.swift */,
			);
			name = Util;
			sourceTree = "<group>";
		};
		FA9F3AE91D8D132B0032FFD4 /* Cell */ = {
			isa = PBXGroup;
			children = (
				FA9F3AEA1D8D13480032FFD4 /* VideoViewCell.swift */,
				FA9F3AEB1D8D13480032FFD4 /* VideoViewCell.xib */,
			);
			name = Cell;
			sourceTree = "<group>";
		};
/* End PBXGroup section */

/* Begin PBXNativeTarget section */
		FA8BE07B1D8CE8B4006D0F0A /* TVar */ = {
			isa = PBXNativeTarget;
			buildConfigurationList = FA8BE0A41D8CE8B5006D0F0A /* Build configuration list for PBXNativeTarget "TVar" */;
			buildPhases = (
				B0A5BEDCFAFB4E1FA7878559 /* Check Pods Manifest.lock */,
				FA8BE0781D8CE8B4006D0F0A /* Sources */,
				FA8BE0791D8CE8B4006D0F0A /* Frameworks */,
				FA8BE07A1D8CE8B4006D0F0A /* Resources */,
				4140FA7054F23369CCFA8D18 /* Embed Pods Frameworks */,
				56E144D75554F799218A3587 /* Copy Pods Resources */,
			);
			buildRules = (
			);
			dependencies = (
			);
			name = TVar;
			productName = TVar;
			productReference = FA8BE07C1D8CE8B4006D0F0A /* TVar.app */;
			productType = "com.apple.product-type.application";
		};
		FA8BE08F1D8CE8B5006D0F0A /* TVarTests */ = {
			isa = PBXNativeTarget;
			buildConfigurationList = FA8BE0A71D8CE8B5006D0F0A /* Build configuration list for PBXNativeTarget "TVarTests" */;
			buildPhases = (
				FA8BE08C1D8CE8B5006D0F0A /* Sources */,
				FA8BE08D1D8CE8B5006D0F0A /* Frameworks */,
				FA8BE08E1D8CE8B5006D0F0A /* Resources */,
			);
			buildRules = (
			);
			dependencies = (
				FA8BE0921D8CE8B5006D0F0A /* PBXTargetDependency */,
			);
			name = TVarTests;
			productName = TVarTests;
			productReference = FA8BE0901D8CE8B5006D0F0A /* TVarTests.xctest */;
			productType = "com.apple.product-type.bundle.unit-test";
		};
		FA8BE09A1D8CE8B5006D0F0A /* TVarUITests */ = {
			isa = PBXNativeTarget;
			buildConfigurationList = FA8BE0AA1D8CE8B5006D0F0A /* Build configuration list for PBXNativeTarget "TVarUITests" */;
			buildPhases = (
				FA8BE0971D8CE8B5006D0F0A /* Sources */,
				FA8BE0981D8CE8B5006D0F0A /* Frameworks */,
				FA8BE0991D8CE8B5006D0F0A /* Resources */,
			);
			buildRules = (
			);
			dependencies = (
				FA8BE09D1D8CE8B5006D0F0A /* PBXTargetDependency */,
			);
			name = TVarUITests;
			productName = TVarUITests;
			productReference = FA8BE09B1D8CE8B5006D0F0A /* TVarUITests.xctest */;
			productType = "com.apple.product-type.bundle.ui-testing";
		};
/* End PBXNativeTarget section */

/* Begin PBXProject section */
		FA8BE0741D8CE8B4006D0F0A /* Project object */ = {
			isa = PBXProject;
			attributes = {
				LastSwiftUpdateCheck = 0730;
				LastUpgradeCheck = 0730;
				ORGANIZATIONNAME = soneoka;
				TargetAttributes = {
					FA8BE07B1D8CE8B4006D0F0A = {
						CreatedOnToolsVersion = 7.3.1;
					};
					FA8BE08F1D8CE8B5006D0F0A = {
						CreatedOnToolsVersion = 7.3.1;
						TestTargetID = FA8BE07B1D8CE8B4006D0F0A;
					};
					FA8BE09A1D8CE8B5006D0F0A = {
						CreatedOnToolsVersion = 7.3.1;
						TestTargetID = FA8BE07B1D8CE8B4006D0F0A;
					};
				};
			};
			buildConfigurationList = FA8BE0771D8CE8B4006D0F0A /* Build configuration list for PBXProject "TVar" */;
			compatibilityVersion = "Xcode 3.2";
			developmentRegion = English;
			hasScannedForEncodings = 0;
			knownRegions = (
				en,
				Base,
			);
			mainGroup = FA8BE0731D8CE8B4006D0F0A;
			productRefGroup = FA8BE07D1D8CE8B4006D0F0A /* Products */;
			projectDirPath = "";
			projectRoot = "";
			targets = (
				FA8BE07B1D8CE8B4006D0F0A /* TVar */,
				FA8BE08F1D8CE8B5006D0F0A /* TVarTests */,
				FA8BE09A1D8CE8B5006D0F0A /* TVarUITests */,
			);
		};
/* End PBXProject section */

/* Begin PBXResourcesBuildPhase section */
		FA8BE07A1D8CE8B4006D0F0A /* Resources */ = {
			isa = PBXResourcesBuildPhase;
			buildActionMask = 2147483647;
			files = (
				FA8BE08A1D8CE8B5006D0F0A /* LaunchScreen.storyboard in Resources */,
				FA9F3AED1D8D13480032FFD4 /* VideoViewCell.xib in Resources */,
				FA8BE0871D8CE8B5006D0F0A /* Assets.xcassets in Resources */,
				FA8BE0851D8CE8B5006D0F0A /* Main.storyboard in Resources */,
			);
			runOnlyForDeploymentPostprocessing = 0;
		};
		FA8BE08E1D8CE8B5006D0F0A /* Resources */ = {
			isa = PBXResourcesBuildPhase;
			buildActionMask = 2147483647;
			files = (
			);
			runOnlyForDeploymentPostprocessing = 0;
		};
		FA8BE0991D8CE8B5006D0F0A /* Resources */ = {
			isa = PBXResourcesBuildPhase;
			buildActionMask = 2147483647;
			files = (
			);
			runOnlyForDeploymentPostprocessing = 0;
		};
/* End PBXResourcesBuildPhase section */

/* Begin PBXShellScriptBuildPhase section */
		4140FA7054F23369CCFA8D18 /* Embed Pods Frameworks */ = {
			isa = PBXShellScriptBuildPhase;
			buildActionMask = 2147483647;
			files = (
			);
			inputPaths = (
			);
			name = "Embed Pods Frameworks";
			outputPaths = (
			);
			runOnlyForDeploymentPostprocessing = 0;
			shellPath = /bin/sh;
			shellScript = "\"${SRCROOT}/Pods/Target Support Files/Pods-TVar/Pods-TVar-frameworks.sh\"\n";
			showEnvVarsInLog = 0;
		};
		56E144D75554F799218A3587 /* Copy Pods Resources */ = {
			isa = PBXShellScriptBuildPhase;
			buildActionMask = 2147483647;
			files = (
			);
			inputPaths = (
			);
			name = "Copy Pods Resources";
			outputPaths = (
			);
			runOnlyForDeploymentPostprocessing = 0;
			shellPath = /bin/sh;
			shellScript = "\"${SRCROOT}/Pods/Target Support Files/Pods-TVar/Pods-TVar-resources.sh\"\n";
			showEnvVarsInLog = 0;
		};
		B0A5BEDCFAFB4E1FA7878559 /* Check Pods Manifest.lock */ = {
			isa = PBXShellScriptBuildPhase;
			buildActionMask = 2147483647;
			files = (
			);
			inputPaths = (
			);
			name = "Check Pods Manifest.lock";
			outputPaths = (
			);
			runOnlyForDeploymentPostprocessing = 0;
			shellPath = /bin/sh;
			shellScript = "diff \"${PODS_ROOT}/../Podfile.lock\" \"${PODS_ROOT}/Manifest.lock\" > /dev/null\nif [[ $? != 0 ]] ; then\n    cat << EOM\nerror: The sandbox is not in sync with the Podfile.lock. Run 'pod install' or update your CocoaPods installation.\nEOM\n    exit 1\nfi\n";
			showEnvVarsInLog = 0;
		};
/* End PBXShellScriptBuildPhase section */

/* Begin PBXSourcesBuildPhase section */
		FA8BE0781D8CE8B4006D0F0A /* Sources */ = {
			isa = PBXSourcesBuildPhase;
			buildActionMask = 2147483647;
			files = (
				FA9F3ADB1D8CFE810032FFD4 /* UserManager.swift in Sources */,
				FA9F3AF11D8D4C770032FFD4 /* RecordVideoViewController.swift in Sources */,
				FA9F3AE41D8D03C50032FFD4 /* APIRouter.swift in Sources */,
				FA9F3AEF1D8D15160032FFD4 /* VideoViewController.swift in Sources */,
				FA9F3AE21D8D039C0032FFD4 /* CustomImageView.swift in Sources */,
				FA9F3AEC1D8D13480032FFD4 /* VideoViewCell.swift in Sources */,
				FA9F3AD21D8CE9CA0032FFD4 /* LoginViewController.swift in Sources */,
				FA9F3AD61D8CFE150032FFD4 /* Video.swift in Sources */,
				FA9F3ADD1D8D01A20032FFD4 /* VideoManager.swift in Sources */,
				FA8BE0801D8CE8B5006D0F0A /* AppDelegate.swift in Sources */,
				FA9F3AD41D8CFDEF0032FFD4 /* User.swift in Sources */,
				FA9F3AD91D8CFE690032FFD4 /* ManagerLocator.swift in Sources */,
				FA88C3C71D8D5C12004D6E5B /* ChoosePhotoViewController.swift in Sources */,
				FA9F3AE81D8D05DE0032FFD4 /* HomeFeedViewController.swift in Sources */,
			);
			runOnlyForDeploymentPostprocessing = 0;
		};
		FA8BE08C1D8CE8B5006D0F0A /* Sources */ = {
			isa = PBXSourcesBuildPhase;
			buildActionMask = 2147483647;
			files = (
				FA8BE0951D8CE8B5006D0F0A /* TVarTests.swift in Sources */,
			);
			runOnlyForDeploymentPostprocessing = 0;
		};
		FA8BE0971D8CE8B5006D0F0A /* Sources */ = {
			isa = PBXSourcesBuildPhase;
			buildActionMask = 2147483647;
			files = (
				FA8BE0A01D8CE8B5006D0F0A /* TVarUITests.swift in Sources */,
			);
			runOnlyForDeploymentPostprocessing = 0;
		};
/* End PBXSourcesBuildPhase section */

/* Begin PBXTargetDependency section */
		FA8BE0921D8CE8B5006D0F0A /* PBXTargetDependency */ = {
			isa = PBXTargetDependency;
			target = FA8BE07B1D8CE8B4006D0F0A /* TVar */;
			targetProxy = FA8BE0911D8CE8B5006D0F0A /* PBXContainerItemProxy */;
		};
		FA8BE09D1D8CE8B5006D0F0A /* PBXTargetDependency */ = {
			isa = PBXTargetDependency;
			target = FA8BE07B1D8CE8B4006D0F0A /* TVar */;
			targetProxy = FA8BE09C1D8CE8B5006D0F0A /* PBXContainerItemProxy */;
		};
/* End PBXTargetDependency section */

/* Begin PBXVariantGroup section */
		FA8BE0831D8CE8B5006D0F0A /* Main.storyboard */ = {
			isa = PBXVariantGroup;
			children = (
				FA8BE0841D8CE8B5006D0F0A /* Base */,
			);
			name = Main.storyboard;
			sourceTree = "<group>";
		};
		FA8BE0881D8CE8B5006D0F0A /* LaunchScreen.storyboard */ = {
			isa = PBXVariantGroup;
			children = (
				FA8BE0891D8CE8B5006D0F0A /* Base */,
			);
			name = LaunchScreen.storyboard;
			sourceTree = "<group>";
		};
/* End PBXVariantGroup section */

/* Begin XCBuildConfiguration section */
		FA8BE0A21D8CE8B5006D0F0A /* Debug */ = {
			isa = XCBuildConfiguration;
			buildSettings = {
				ALWAYS_SEARCH_USER_PATHS = NO;
				CLANG_ANALYZER_NONNULL = YES;
				CLANG_CXX_LANGUAGE_STANDARD = "gnu++0x";
				CLANG_CXX_LIBRARY = "libc++";
				CLANG_ENABLE_MODULES = YES;
				CLANG_ENABLE_OBJC_ARC = YES;
				CLANG_WARN_BOOL_CONVERSION = YES;
				CLANG_WARN_CONSTANT_CONVERSION = YES;
				CLANG_WARN_DIRECT_OBJC_ISA_USAGE = YES_ERROR;
				CLANG_WARN_EMPTY_BODY = YES;
				CLANG_WARN_ENUM_CONVERSION = YES;
				CLANG_WARN_INT_CONVERSION = YES;
				CLANG_WARN_OBJC_ROOT_CLASS = YES_ERROR;
				CLANG_WARN_UNREACHABLE_CODE = YES;
				CLANG_WARN__DUPLICATE_METHOD_MATCH = YES;
				"CODE_SIGN_IDENTITY[sdk=iphoneos*]" = "iPhone Developer";
				COPY_PHASE_STRIP = NO;
				DEBUG_INFORMATION_FORMAT = dwarf;
				ENABLE_STRICT_OBJC_MSGSEND = YES;
				ENABLE_TESTABILITY = YES;
				GCC_C_LANGUAGE_STANDARD = gnu99;
				GCC_DYNAMIC_NO_PIC = NO;
				GCC_NO_COMMON_BLOCKS = YES;
				GCC_OPTIMIZATION_LEVEL = 0;
				GCC_PREPROCESSOR_DEFINITIONS = (
					"DEBUG=1",
					"$(inherited)",
				);
				GCC_WARN_64_TO_32_BIT_CONVERSION = YES;
				GCC_WARN_ABOUT_RETURN_TYPE = YES_ERROR;
				GCC_WARN_UNDECLARED_SELECTOR = YES;
				GCC_WARN_UNINITIALIZED_AUTOS = YES_AGGRESSIVE;
				GCC_WARN_UNUSED_FUNCTION = YES;
				GCC_WARN_UNUSED_VARIABLE = YES;
				IPHONEOS_DEPLOYMENT_TARGET = 9.3;
				MTL_ENABLE_DEBUG_INFO = YES;
				ONLY_ACTIVE_ARCH = YES;
				SDKROOT = iphoneos;
				SWIFT_OPTIMIZATION_LEVEL = "-Onone";
				TARGETED_DEVICE_FAMILY = "1,2";
			};
			name = Debug;
		};
		FA8BE0A31D8CE8B5006D0F0A /* Release */ = {
			isa = XCBuildConfiguration;
			buildSettings = {
				ALWAYS_SEARCH_USER_PATHS = NO;
				CLANG_ANALYZER_NONNULL = YES;
				CLANG_CXX_LANGUAGE_STANDARD = "gnu++0x";
				CLANG_CXX_LIBRARY = "libc++";
				CLANG_ENABLE_MODULES = YES;
				CLANG_ENABLE_OBJC_ARC = YES;
				CLANG_WARN_BOOL_CONVERSION = YES;
				CLANG_WARN_CONSTANT_CONVERSION = YES;
				CLANG_WARN_DIRECT_OBJC_ISA_USAGE = YES_ERROR;
				CLANG_WARN_EMPTY_BODY = YES;
				CLANG_WARN_ENUM_CONVERSION = YES;
				CLANG_WARN_INT_CONVERSION = YES;
				CLANG_WARN_OBJC_ROOT_CLASS = YES_ERROR;
				CLANG_WARN_UNREACHABLE_CODE = YES;
				CLANG_WARN__DUPLICATE_METHOD_MATCH = YES;
				"CODE_SIGN_IDENTITY[sdk=iphoneos*]" = "iPhone Developer";
				COPY_PHASE_STRIP = NO;
				DEBUG_INFORMATION_FORMAT = "dwarf-with-dsym";
				ENABLE_NS_ASSERTIONS = NO;
				ENABLE_STRICT_OBJC_MSGSEND = YES;
				GCC_C_LANGUAGE_STANDARD = gnu99;
				GCC_NO_COMMON_BLOCKS = YES;
				GCC_WARN_64_TO_32_BIT_CONVERSION = YES;
				GCC_WARN_ABOUT_RETURN_TYPE = YES_ERROR;
				GCC_WARN_UNDECLARED_SELECTOR = YES;
				GCC_WARN_UNINITIALIZED_AUTOS = YES_AGGRESSIVE;
				GCC_WARN_UNUSED_FUNCTION = YES;
				GCC_WARN_UNUSED_VARIABLE = YES;
				IPHONEOS_DEPLOYMENT_TARGET = 9.3;
				MTL_ENABLE_DEBUG_INFO = NO;
				SDKROOT = iphoneos;
				TARGETED_DEVICE_FAMILY = "1,2";
				VALIDATE_PRODUCT = YES;
			};
			name = Release;
		};
		FA8BE0A51D8CE8B5006D0F0A /* Debug */ = {
			isa = XCBuildConfiguration;
			baseConfigurationReference = A3183CF56BA295E94A22BDEF /* Pods-TVar.debug.xcconfig */;
			buildSettings = {
				ASSETCATALOG_COMPILER_APPICON_NAME = AppIcon;
				INFOPLIST_FILE = TVar/Info.plist;
				LD_RUNPATH_SEARCH_PATHS = "$(inherited) @executable_path/Frameworks";
				PRODUCT_BUNDLE_IDENTIFIER = com.claudetech.TVar;
				PRODUCT_NAME = "$(TARGET_NAME)";
			};
			name = Debug;
		};
		FA8BE0A61D8CE8B5006D0F0A /* Release */ = {
			isa = XCBuildConfiguration;
			baseConfigurationReference = 23CC6238A2E7CE4BF4C45270 /* Pods-TVar.release.xcconfig */;
			buildSettings = {
				ASSETCATALOG_COMPILER_APPICON_NAME = AppIcon;
				INFOPLIST_FILE = TVar/Info.plist;
				LD_RUNPATH_SEARCH_PATHS = "$(inherited) @executable_path/Frameworks";
				PRODUCT_BUNDLE_IDENTIFIER = com.claudetech.TVar;
				PRODUCT_NAME = "$(TARGET_NAME)";
			};
			name = Release;
		};
		FA8BE0A81D8CE8B5006D0F0A /* Debug */ = {
			isa = XCBuildConfiguration;
			buildSettings = {
				BUNDLE_LOADER = "$(TEST_HOST)";
				INFOPLIST_FILE = TVarTests/Info.plist;
				LD_RUNPATH_SEARCH_PATHS = "$(inherited) @executable_path/Frameworks @loader_path/Frameworks";
				PRODUCT_BUNDLE_IDENTIFIER = com.claudetech.TVarTests;
				PRODUCT_NAME = "$(TARGET_NAME)";
				TEST_HOST = "$(BUILT_PRODUCTS_DIR)/TVar.app/TVar";
			};
			name = Debug;
		};
		FA8BE0A91D8CE8B5006D0F0A /* Release */ = {
			isa = XCBuildConfiguration;
			buildSettings = {
				BUNDLE_LOADER = "$(TEST_HOST)";
				INFOPLIST_FILE = TVarTests/Info.plist;
				LD_RUNPATH_SEARCH_PATHS = "$(inherited) @executable_path/Frameworks @loader_path/Frameworks";
				PRODUCT_BUNDLE_IDENTIFIER = com.claudetech.TVarTests;
				PRODUCT_NAME = "$(TARGET_NAME)";
				TEST_HOST = "$(BUILT_PRODUCTS_DIR)/TVar.app/TVar";
			};
			name = Release;
		};
		FA8BE0AB1D8CE8B5006D0F0A /* Debug */ = {
			isa = XCBuildConfiguration;
			buildSettings = {
				INFOPLIST_FILE = TVarUITests/Info.plist;
				LD_RUNPATH_SEARCH_PATHS = "$(inherited) @executable_path/Frameworks @loader_path/Frameworks";
				PRODUCT_BUNDLE_IDENTIFIER = com.claudetech.TVarUITests;
				PRODUCT_NAME = "$(TARGET_NAME)";
				TEST_TARGET_NAME = TVar;
			};
			name = Debug;
		};
		FA8BE0AC1D8CE8B5006D0F0A /* Release */ = {
			isa = XCBuildConfiguration;
			buildSettings = {
				INFOPLIST_FILE = TVarUITests/Info.plist;
				LD_RUNPATH_SEARCH_PATHS = "$(inherited) @executable_path/Frameworks @loader_path/Frameworks";
				PRODUCT_BUNDLE_IDENTIFIER = com.claudetech.TVarUITests;
				PRODUCT_NAME = "$(TARGET_NAME)";
				TEST_TARGET_NAME = TVar;
			};
			name = Release;
		};
/* End XCBuildConfiguration section */

/* Begin XCConfigurationList section */
		FA8BE0771D8CE8B4006D0F0A /* Build configuration list for PBXProject "TVar" */ = {
			isa = XCConfigurationList;
			buildConfigurations = (
				FA8BE0A21D8CE8B5006D0F0A /* Debug */,
				FA8BE0A31D8CE8B5006D0F0A /* Release */,
			);
			defaultConfigurationIsVisible = 0;
			defaultConfigurationName = Release;
		};
		FA8BE0A41D8CE8B5006D0F0A /* Build configuration list for PBXNativeTarget "TVar" */ = {
			isa = XCConfigurationList;
			buildConfigurations = (
				FA8BE0A51D8CE8B5006D0F0A /* Debug */,
				FA8BE0A61D8CE8B5006D0F0A /* Release */,
			);
			defaultConfigurationIsVisible = 0;
			defaultConfigurationName = Release;
		};
		FA8BE0A71D8CE8B5006D0F0A /* Build configuration list for PBXNativeTarget "TVarTests" */ = {
			isa = XCConfigurationList;
			buildConfigurations = (
				FA8BE0A81D8CE8B5006D0F0A /* Debug */,
				FA8BE0A91D8CE8B5006D0F0A /* Release */,
			);
			defaultConfigurationIsVisible = 0;
			defaultConfigurationName = Release;
		};
		FA8BE0AA1D8CE8B5006D0F0A /* Build configuration list for PBXNativeTarget "TVarUITests" */ = {
			isa = XCConfigurationList;
			buildConfigurations = (
				FA8BE0AB1D8CE8B5006D0F0A /* Debug */,
				FA8BE0AC1D8CE8B5006D0F0A /* Release */,
			);
			defaultConfigurationIsVisible = 0;
			defaultConfigurationName = Release;
		};
/* End XCConfigurationList section */
	};
	rootObject = FA8BE0741D8CE8B4006D0F0A /* Project object */;
}
